
Microsoft Visual Studio Solution File, Format Version 12.00
Project("{FAE04EC0-301F-11D3-BF4B-00C04F79EFBC}") = "Sem_internet", "Sem_internet\Sem_internet.csproj", "{E3073AF6-8127-4580-BC60-F39EB5092517}"
EndProject
Global
	GlobalSection(SolutionConfigurationPlatforms) = preSolution
		Debug|Any CPU = Debug|Any CPU
		Release|Any CPU = Release|Any CPU
	EndGlobalSection
	GlobalSection(ProjectConfigurationPlatforms) = postSolution
		{E3073AF6-8127-4580-BC60-F39EB5092517}.Debug|Any CPU.ActiveCfg = Debug|Any CPU
		{E3073AF6-8127-4580-BC60-F39EB5092517}.Debug|Any CPU.Build.0 = Debug|Any CPU
		{E3073AF6-8127-4580-BC60-F39EB5092517}.Release|Any CPU.ActiveCfg = Release|Any CPU
		{E3073AF6-8127-4580-BC60-F39EB5092517}.Release|Any CPU.Build.0 = Release|Any CPU
	EndGlobalSection
EndGlobal
